
Microsoft Visual Studio Solution File, Format Version 11.00
# Visual Studio 2010
Project("{8BC9CEB8-8B4A-11D0-8D11-00A0C91BC942}") = "windows-build", "windows-build\windows-build.vcxproj", "{A963C478-FCF0-4BEF-AF73-3D03D5C0B501}"
EndProject
Project("{8BC9CEB8-8B4A-11D0-8D11-00A0C91BC942}") = "JsonBox", "..\JsonBox\ide\VS2010\JsonBox\JsonBox\JsonBox.vcxproj", "{7159099C-8945-40C5-80A3-52A02716A0CC}"
EndProject
Global
	GlobalSection(SolutionConfigurationPlatforms) = preSolution
		Debug|Win32 = Debug|Win32
		Release|Win32 = Release|Win32
	EndGlobalSection
	GlobalSection(ProjectConfigurationPlatforms) = postSolution
		{A963C478-FCF0-4BEF-AF73-3D03D5C0B501}.Debug|Win32.ActiveCfg = Debug|Win32
		{A963C478-FCF0-4BEF-AF73-3D03D5C0B501}.Debug|Win32.Build.0 = Debug|Win32
		{A963C478-FCF0-4BEF-AF73-3D03D5C0B501}.Release|Win32.ActiveCfg = Release|Win32
		{A963C478-FCF0-4BEF-AF73-3D03D5C0B501}.Release|Win32.Build.0 = Release|Win32
		{7159099C-8945-40C5-80A3-52A02716A0CC}.Debug|Win32.ActiveCfg = Debug|Win32
		{7159099C-8945-40C5-80A3-52A02716A0CC}.Debug|Win32.Build.0 = Debug|Win32
		{7159099C-8945-40C5-80A3-52A02716A0CC}.Release|Win32.ActiveCfg = Release|Win32
		{7159099C-8945-40C5-80A3-52A02716A0CC}.Release|Win32.Build.0 = Release|Win32
	EndGlobalSection
	GlobalSection(SolutionProperties) = preSolution
		HideSolutionNode = FALSE
	EndGlobalSection
EndGlobal
